// !$*UTF8*$!
{
	archiveVersion = 1;
	classes = {
	};
	objectVersion = 56;
	objects = {

/* Begin PBXBuildFile section */
		B33812BF2C899F7300696E61 /* AppDelegate.swift in Sources */ = {isa = PBXBuildFile; fileRef = B33812BE2C899F7300696E61 /* AppDelegate.swift */; };
		B33812C12C899F7300696E61 /* SceneDelegate.swift in Sources */ = {isa = PBXBuildFile; fileRef = B33812C02C899F7300696E61 /* SceneDelegate.swift */; };
		B33812C62C899F7300696E61 /* Base in Resources */ = {isa = PBXBuildFile; fileRef = B33812C52C899F7300696E61 /* Base */; };
		B33812C82C899F7400696E61 /* Assets.xcassets in Resources */ = {isa = PBXBuildFile; fileRef = B33812C72C899F7400696E61 /* Assets.xcassets */; };
		B33812CB2C899F7400696E61 /* Base in Resources */ = {isa = PBXBuildFile; fileRef = B33812CA2C899F7400696E61 /* Base */; };
		B33812D62C89A3BB00696E61 /* OnBoardingPageViewController.swift in Sources */ = {isa = PBXBuildFile; fileRef = B33812D52C89A3BB00696E61 /* OnBoardingPageViewController.swift */; };
		B33812DA2C89A41000696E61 /* UIView+Extension.swift in Sources */ = {isa = PBXBuildFile; fileRef = B33812D92C89A41000696E61 /* UIView+Extension.swift */; };
		B33812DC2C89A63900696E61 /* OnBoardingCollectionViewCell.swift in Sources */ = {isa = PBXBuildFile; fileRef = B33812DB2C89A63900696E61 /* OnBoardingCollectionViewCell.swift */; };
		B33812DE2C89A80600696E61 /* OnBoardingSlide.swift in Sources */ = {isa = PBXBuildFile; fileRef = B33812DD2C89A80600696E61 /* OnBoardingSlide.swift */; };
		B33812E32C89C2C900696E61 /* LoginPageViewController.swift in Sources */ = {isa = PBXBuildFile; fileRef = B33812E22C89C2C900696E61 /* LoginPageViewController.swift */; };
		B33812E62C89D15C00696E61 /* HomePageViewController.swift in Sources */ = {isa = PBXBuildFile; fileRef = B33812E52C89D15C00696E61 /* HomePageViewController.swift */; };
		B33812EB2C89D86000696E61 /* CategoryCollectionViewCell.xib in Resources */ = {isa = PBXBuildFile; fileRef = B33812EA2C89D86000696E61 /* CategoryCollectionViewCell.xib */; };
		B33812EC2C89D86000696E61 /* CategoryCollectionViewCell.swift in Sources */ = {isa = PBXBuildFile; fileRef = B33812E92C89D86000696E61 /* CategoryCollectionViewCell.swift */; };
		B33812EE2C89D9EC00696E61 /* MenuCategory.swift in Sources */ = {isa = PBXBuildFile; fileRef = B33812ED2C89D9EC00696E61 /* MenuCategory.swift */; };
		B33812F12C89DECE00696E61 /* CardView.swift in Sources */ = {isa = PBXBuildFile; fileRef = B33812F02C89DECE00696E61 /* CardView.swift */; };
		B33812F52C89F55B00696E61 /* MenuCollectionViewCell.xib in Resources */ = {isa = PBXBuildFile; fileRef = B33812F42C89F55B00696E61 /* MenuCollectionViewCell.xib */; };
		B33812F62C89F55B00696E61 /* MenuCollectionViewCell.swift in Sources */ = {isa = PBXBuildFile; fileRef = B33812F32C89F55B00696E61 /* MenuCollectionViewCell.swift */; };
		B33812F82C89F91300696E61 /* Menu.swift in Sources */ = {isa = PBXBuildFile; fileRef = B33812F72C89F91300696E61 /* Menu.swift */; };
		B33813012C8A0E8900696E61 /* MenuPageViewController.swift in Sources */ = {isa = PBXBuildFile; fileRef = B33813002C8A0E8900696E61 /* MenuPageViewController.swift */; };
		B34017CB2C8ACEFB0064E856 /* MenuDetailViewController.swift in Sources */ = {isa = PBXBuildFile; fileRef = B34017CA2C8ACEFB0064E856 /* MenuDetailViewController.swift */; };
		B35194602C8EDC5F003B113F /* NonDrinkMenuDetailViewController.swift in Sources */ = {isa = PBXBuildFile; fileRef = B351945F2C8EDC5F003B113F /* NonDrinkMenuDetailViewController.swift */; };
		B35194622C8EDFCF003B113F /* CakeMenuDetailViewController.swift in Sources */ = {isa = PBXBuildFile; fileRef = B35194612C8EDFCF003B113F /* CakeMenuDetailViewController.swift */; };
		B3679EA32C900F1A000F9F24 /* CartPageViewController.swift in Sources */ = {isa = PBXBuildFile; fileRef = B3679EA02C900F1A000F9F24 /* CartPageViewController.swift */; };
		B3679EA82C901019000F9F24 /* CartItemTableViewCell.xib in Resources */ = {isa = PBXBuildFile; fileRef = B3679EA72C901019000F9F24 /* CartItemTableViewCell.xib */; };
		B3679EA92C901019000F9F24 /* CartItemTableViewCell.swift in Sources */ = {isa = PBXBuildFile; fileRef = B3679EA62C901019000F9F24 /* CartItemTableViewCell.swift */; };
		B3B5803C2C8C931900CDB83F /* Order.swift in Sources */ = {isa = PBXBuildFile; fileRef = B3B5803B2C8C931900CDB83F /* Order.swift */; };
		FA946E5C2C8B381D004A29C9 /* SignUpViewController.swift in Sources */ = {isa = PBXBuildFile; fileRef = FA946E5B2C8B381D004A29C9 /* SignUpViewController.swift */; };
		FA946E5F2C8B39A2004A29C9 /* FirebaseAuth in Frameworks */ = {isa = PBXBuildFile; productRef = FA946E5E2C8B39A2004A29C9 /* FirebaseAuth */; };
		FA946E612C8B39A2004A29C9 /* FirebaseDatabase in Frameworks */ = {isa = PBXBuildFile; productRef = FA946E602C8B39A2004A29C9 /* FirebaseDatabase */; };
		FA946E632C8B39A2004A29C9 /* FirebaseFirestore in Frameworks */ = {isa = PBXBuildFile; productRef = FA946E622C8B39A2004A29C9 /* FirebaseFirestore */; };
		FA946E652C8B39A2004A29C9 /* FirebaseStorage in Frameworks */ = {isa = PBXBuildFile; productRef = FA946E642C8B39A2004A29C9 /* FirebaseStorage */; };
		FAAB65C02C9098BC003F7E3B /* GoogleSignIn in Frameworks */ = {isa = PBXBuildFile; productRef = FAAB65BF2C9098BC003F7E3B /* GoogleSignIn */; };
		FAAB65C22C9098BC003F7E3B /* GoogleSignInSwift in Frameworks */ = {isa = PBXBuildFile; productRef = FAAB65C12C9098BC003F7E3B /* GoogleSignInSwift */; };
		FAAB65C42C909C46003F7E3B /* GoogleService-Info.plist in Resources */ = {isa = PBXBuildFile; fileRef = FAAB65C32C909C46003F7E3B /* GoogleService-Info.plist */; };
		FAE8AB0A2C8B2DBA00889425 /* HistoryPageViewController.swift in Sources */ = {isa = PBXBuildFile; fileRef = FAE8AB092C8B2DBA00889425 /* HistoryPageViewController.swift */; };
/* End PBXBuildFile section */

/* Begin PBXFileReference section */
		B33812BB2C899F7300696E61 /* TermProject.app */ = {isa = PBXFileReference; explicitFileType = wrapper.application; includeInIndex = 0; path = TermProject.app; sourceTree = BUILT_PRODUCTS_DIR; };
		B33812BE2C899F7300696E61 /* AppDelegate.swift */ = {isa = PBXFileReference; lastKnownFileType = sourcecode.swift; path = AppDelegate.swift; sourceTree = "<group>"; };
		B33812C02C899F7300696E61 /* SceneDelegate.swift */ = {isa = PBXFileReference; lastKnownFileType = sourcecode.swift; path = SceneDelegate.swift; sourceTree = "<group>"; };
		B33812C52C899F7300696E61 /* Base */ = {isa = PBXFileReference; lastKnownFileType = file.storyboard; name = Base; path = Base.lproj/Main.storyboard; sourceTree = "<group>"; };
		B33812C72C899F7400696E61 /* Assets.xcassets */ = {isa = PBXFileReference; lastKnownFileType = folder.assetcatalog; path = Assets.xcassets; sourceTree = "<group>"; };
		B33812CA2C899F7400696E61 /* Base */ = {isa = PBXFileReference; lastKnownFileType = file.storyboard; name = Base; path = Base.lproj/LaunchScreen.storyboard; sourceTree = "<group>"; };
		B33812CC2C899F7400696E61 /* Info.plist */ = {isa = PBXFileReference; lastKnownFileType = text.plist.xml; path = Info.plist; sourceTree = "<group>"; };
		B33812D52C89A3BB00696E61 /* OnBoardingPageViewController.swift */ = {isa = PBXFileReference; lastKnownFileType = sourcecode.swift; path = OnBoardingPageViewController.swift; sourceTree = "<group>"; };
		B33812D92C89A41000696E61 /* UIView+Extension.swift */ = {isa = PBXFileReference; lastKnownFileType = sourcecode.swift; path = "UIView+Extension.swift"; sourceTree = "<group>"; };
		B33812DB2C89A63900696E61 /* OnBoardingCollectionViewCell.swift */ = {isa = PBXFileReference; lastKnownFileType = sourcecode.swift; path = OnBoardingCollectionViewCell.swift; sourceTree = "<group>"; };
		B33812DD2C89A80600696E61 /* OnBoardingSlide.swift */ = {isa = PBXFileReference; lastKnownFileType = sourcecode.swift; path = OnBoardingSlide.swift; sourceTree = "<group>"; };
		B33812E22C89C2C900696E61 /* LoginPageViewController.swift */ = {isa = PBXFileReference; lastKnownFileType = sourcecode.swift; path = LoginPageViewController.swift; sourceTree = "<group>"; };
		B33812E52C89D15C00696E61 /* HomePageViewController.swift */ = {isa = PBXFileReference; lastKnownFileType = sourcecode.swift; path = HomePageViewController.swift; sourceTree = "<group>"; };
		B33812E92C89D86000696E61 /* CategoryCollectionViewCell.swift */ = {isa = PBXFileReference; lastKnownFileType = sourcecode.swift; path = CategoryCollectionViewCell.swift; sourceTree = "<group>"; };
		B33812EA2C89D86000696E61 /* CategoryCollectionViewCell.xib */ = {isa = PBXFileReference; lastKnownFileType = file.xib; path = CategoryCollectionViewCell.xib; sourceTree = "<group>"; };
		B33812ED2C89D9EC00696E61 /* MenuCategory.swift */ = {isa = PBXFileReference; lastKnownFileType = sourcecode.swift; path = MenuCategory.swift; sourceTree = "<group>"; };
		B33812F02C89DECE00696E61 /* CardView.swift */ = {isa = PBXFileReference; lastKnownFileType = sourcecode.swift; path = CardView.swift; sourceTree = "<group>"; };
		B33812F32C89F55B00696E61 /* MenuCollectionViewCell.swift */ = {isa = PBXFileReference; lastKnownFileType = sourcecode.swift; path = MenuCollectionViewCell.swift; sourceTree = "<group>"; };
		B33812F42C89F55B00696E61 /* MenuCollectionViewCell.xib */ = {isa = PBXFileReference; lastKnownFileType = file.xib; path = MenuCollectionViewCell.xib; sourceTree = "<group>"; };
		B33812F72C89F91300696E61 /* Menu.swift */ = {isa = PBXFileReference; lastKnownFileType = sourcecode.swift; path = Menu.swift; sourceTree = "<group>"; };
		B33813002C8A0E8900696E61 /* MenuPageViewController.swift */ = {isa = PBXFileReference; lastKnownFileType = sourcecode.swift; path = MenuPageViewController.swift; sourceTree = "<group>"; };
		B34017CA2C8ACEFB0064E856 /* MenuDetailViewController.swift */ = {isa = PBXFileReference; lastKnownFileType = sourcecode.swift; path = MenuDetailViewController.swift; sourceTree = "<group>"; };
		B351945F2C8EDC5F003B113F /* NonDrinkMenuDetailViewController.swift */ = {isa = PBXFileReference; lastKnownFileType = sourcecode.swift; path = NonDrinkMenuDetailViewController.swift; sourceTree = "<group>"; };
		B35194612C8EDFCF003B113F /* CakeMenuDetailViewController.swift */ = {isa = PBXFileReference; lastKnownFileType = sourcecode.swift; path = CakeMenuDetailViewController.swift; sourceTree = "<group>"; };
		B3679EA02C900F1A000F9F24 /* CartPageViewController.swift */ = {isa = PBXFileReference; lastKnownFileType = sourcecode.swift; path = CartPageViewController.swift; sourceTree = "<group>"; };
		B3679EA62C901019000F9F24 /* CartItemTableViewCell.swift */ = {isa = PBXFileReference; lastKnownFileType = sourcecode.swift; path = CartItemTableViewCell.swift; sourceTree = "<group>"; };
		B3679EA72C901019000F9F24 /* CartItemTableViewCell.xib */ = {isa = PBXFileReference; lastKnownFileType = file.xib; path = CartItemTableViewCell.xib; sourceTree = "<group>"; };
		B3B5803B2C8C931900CDB83F /* Order.swift */ = {isa = PBXFileReference; lastKnownFileType = sourcecode.swift; path = Order.swift; sourceTree = "<group>"; };
		FA946E5B2C8B381D004A29C9 /* SignUpViewController.swift */ = {isa = PBXFileReference; lastKnownFileType = sourcecode.swift; path = SignUpViewController.swift; sourceTree = "<group>"; };
		FAAB65C32C909C46003F7E3B /* GoogleService-Info.plist */ = {isa = PBXFileReference; fileEncoding = 4; lastKnownFileType = text.plist.xml; path = "GoogleService-Info.plist"; sourceTree = "<group>"; };
		FAE8AB092C8B2DBA00889425 /* HistoryPageViewController.swift */ = {isa = PBXFileReference; lastKnownFileType = sourcecode.swift; name = HistoryPageViewController.swift; path = TermProject/HistoryPageViewController.swift; sourceTree = SOURCE_ROOT; };
/* End PBXFileReference section */

/* Begin PBXFrameworksBuildPhase section */
		B33812B82C899F7300696E61 /* Frameworks */ = {
			isa = PBXFrameworksBuildPhase;
			buildActionMask = 2147483647;
			files = (
				FAAB65C02C9098BC003F7E3B /* GoogleSignIn in Frameworks */,
				FA946E612C8B39A2004A29C9 /* FirebaseDatabase in Frameworks */,
				FA946E652C8B39A2004A29C9 /* FirebaseStorage in Frameworks */,
				FAAB65C22C9098BC003F7E3B /* GoogleSignInSwift in Frameworks */,
				FA946E5F2C8B39A2004A29C9 /* FirebaseAuth in Frameworks */,
				FA946E632C8B39A2004A29C9 /* FirebaseFirestore in Frameworks */,
			);
			runOnlyForDeploymentPostprocessing = 0;
		};
/* End PBXFrameworksBuildPhase section */

/* Begin PBXGroup section */
		B33812B22C899F7300696E61 = {
			isa = PBXGroup;
			children = (
				B33812BD2C899F7300696E61 /* TermProject */,
				B33812BC2C899F7300696E61 /* Products */,
			);
			sourceTree = "<group>";
		};
		B33812BC2C899F7300696E61 /* Products */ = {
			isa = PBXGroup;
			children = (
				B33812BB2C899F7300696E61 /* TermProject.app */,
			);
			name = Products;
			sourceTree = "<group>";
		};
		B33812BD2C899F7300696E61 /* TermProject */ = {
			isa = PBXGroup;
			children = (
				B33812D82C89A3FE00696E61 /* Extensions */,
				B33812D42C89A37B00696E61 /* CustomViews */,
				B33812D32C89A37500696E61 /* Views */,
				B33812D22C89A36E00696E61 /* Models */,
				B33812BE2C899F7300696E61 /* AppDelegate.swift */,
				B33812C02C899F7300696E61 /* SceneDelegate.swift */,
				B33812C42C899F7300696E61 /* Main.storyboard */,
				FAAB65C32C909C46003F7E3B /* GoogleService-Info.plist */,
				B33812C72C899F7400696E61 /* Assets.xcassets */,
				B33812C92C899F7400696E61 /* LaunchScreen.storyboard */,
				B33812CC2C899F7400696E61 /* Info.plist */,
			);
			path = TermProject;
			sourceTree = "<group>";
		};
		B33812D22C89A36E00696E61 /* Models */ = {
			isa = PBXGroup;
			children = (
				B33812DD2C89A80600696E61 /* OnBoardingSlide.swift */,
				B33812ED2C89D9EC00696E61 /* MenuCategory.swift */,
				B33812F72C89F91300696E61 /* Menu.swift */,
				B3B5803B2C8C931900CDB83F /* Order.swift */,
			);
			path = Models;
			sourceTree = "<group>";
		};
		B33812D32C89A37500696E61 /* Views */ = {
			isa = PBXGroup;
			children = (
				B3679E9F2C900EFF000F9F24 /* CartPage */,
				B33812FF2C8A0DF600696E61 /* MenuPage */,
				B33812FE2C8A0DD400696E61 /* HistoryPage */,
				B33812E42C89D14600696E61 /* HomePage */,
				B33812DF2C89C29A00696E61 /* LoginPage */,
				B33812D72C89A3C200696E61 /* onBoardingPage */,
			);
			path = Views;
			sourceTree = "<group>";
		};
		B33812D42C89A37B00696E61 /* CustomViews */ = {
			isa = PBXGroup;
			children = (
				B3679EA42C900FE2000F9F24 /* TableViewCells */,
				B33812EF2C89DEB800696E61 /* CardView */,
				B33812E72C89D83300696E61 /* CollectionViewCells */,
			);
			path = CustomViews;
			sourceTree = "<group>";
		};
		B33812D72C89A3C200696E61 /* onBoardingPage */ = {
			isa = PBXGroup;
			children = (
				B33812D52C89A3BB00696E61 /* OnBoardingPageViewController.swift */,
				B33812DB2C89A63900696E61 /* OnBoardingCollectionViewCell.swift */,
			);
			path = onBoardingPage;
			sourceTree = "<group>";
		};
		B33812D82C89A3FE00696E61 /* Extensions */ = {
			isa = PBXGroup;
			children = (
				B33812D92C89A41000696E61 /* UIView+Extension.swift */,
			);
			path = Extensions;
			sourceTree = "<group>";
		};
		B33812DF2C89C29A00696E61 /* LoginPage */ = {
			isa = PBXGroup;
			children = (
				B33812E22C89C2C900696E61 /* LoginPageViewController.swift */,
				FA946E5B2C8B381D004A29C9 /* SignUpViewController.swift */,
			);
			path = LoginPage;
			sourceTree = "<group>";
		};
		B33812E42C89D14600696E61 /* HomePage */ = {
			isa = PBXGroup;
			children = (
				B33812E52C89D15C00696E61 /* HomePageViewController.swift */,
			);
			path = HomePage;
			sourceTree = "<group>";
		};
		B33812E72C89D83300696E61 /* CollectionViewCells */ = {
			isa = PBXGroup;
			children = (
				B33812F22C89F28300696E61 /* MenuCollectionViewCell */,
				B33812E82C89D83E00696E61 /* CategoryCollectionViewCell */,
			);
			path = CollectionViewCells;
			sourceTree = "<group>";
		};
		B33812E82C89D83E00696E61 /* CategoryCollectionViewCell */ = {
			isa = PBXGroup;
			children = (
				B33812E92C89D86000696E61 /* CategoryCollectionViewCell.swift */,
				B33812EA2C89D86000696E61 /* CategoryCollectionViewCell.xib */,
			);
			path = CategoryCollectionViewCell;
			sourceTree = "<group>";
		};
		B33812EF2C89DEB800696E61 /* CardView */ = {
			isa = PBXGroup;
			children = (
				B33812F02C89DECE00696E61 /* CardView.swift */,
			);
			path = CardView;
			sourceTree = "<group>";
		};
		B33812F22C89F28300696E61 /* MenuCollectionViewCell */ = {
			isa = PBXGroup;
			children = (
				B33812F32C89F55B00696E61 /* MenuCollectionViewCell.swift */,
				B33812F42C89F55B00696E61 /* MenuCollectionViewCell.xib */,
			);
			path = MenuCollectionViewCell;
			sourceTree = "<group>";
		};
		B33812FE2C8A0DD400696E61 /* HistoryPage */ = {
			isa = PBXGroup;
			children = (
				FAE8AB092C8B2DBA00889425 /* HistoryPageViewController.swift */,
			);
			path = HistoryPage;
			sourceTree = "<group>";
		};
		B33812FF2C8A0DF600696E61 /* MenuPage */ = {
			isa = PBXGroup;
			children = (
				B33813002C8A0E8900696E61 /* MenuPageViewController.swift */,
				B34017CA2C8ACEFB0064E856 /* MenuDetailViewController.swift */,
				B351945F2C8EDC5F003B113F /* NonDrinkMenuDetailViewController.swift */,
				B35194612C8EDFCF003B113F /* CakeMenuDetailViewController.swift */,
			);
			path = MenuPage;
			sourceTree = "<group>";
		};
		B3679E9F2C900EFF000F9F24 /* CartPage */ = {
			isa = PBXGroup;
			children = (
				B3679EA02C900F1A000F9F24 /* CartPageViewController.swift */,
			);
			path = CartPage;
			sourceTree = "<group>";
		};
		B3679EA42C900FE2000F9F24 /* TableViewCells */ = {
			isa = PBXGroup;
			children = (
				B3679EA52C900FF5000F9F24 /* CartItemTableViewCell */,
			);
			path = TableViewCells;
			sourceTree = "<group>";
		};
		B3679EA52C900FF5000F9F24 /* CartItemTableViewCell */ = {
			isa = PBXGroup;
			children = (
				B3679EA62C901019000F9F24 /* CartItemTableViewCell.swift */,
				B3679EA72C901019000F9F24 /* CartItemTableViewCell.xib */,
			);
			path = CartItemTableViewCell;
			sourceTree = "<group>";
		};
/* End PBXGroup section */

/* Begin PBXNativeTarget section */
		B33812BA2C899F7300696E61 /* TermProject */ = {
			isa = PBXNativeTarget;
			buildConfigurationList = B33812CF2C899F7400696E61 /* Build configuration list for PBXNativeTarget "TermProject" */;
			buildPhases = (
				B33812B72C899F7300696E61 /* Sources */,
				B33812B82C899F7300696E61 /* Frameworks */,
				B33812B92C899F7300696E61 /* Resources */,
			);
			buildRules = (
			);
			dependencies = (
			);
			name = TermProject;
			packageProductDependencies = (
				FA946E5E2C8B39A2004A29C9 /* FirebaseAuth */,
				FA946E602C8B39A2004A29C9 /* FirebaseDatabase */,
				FA946E622C8B39A2004A29C9 /* FirebaseFirestore */,
				FA946E642C8B39A2004A29C9 /* FirebaseStorage */,
				FAAB65BF2C9098BC003F7E3B /* GoogleSignIn */,
				FAAB65C12C9098BC003F7E3B /* GoogleSignInSwift */,
			);
			productName = TermProject;
			productReference = B33812BB2C899F7300696E61 /* TermProject.app */;
			productType = "com.apple.product-type.application";
		};
/* End PBXNativeTarget section */

/* Begin PBXProject section */
		B33812B32C899F7300696E61 /* Project object */ = {
			isa = PBXProject;
			attributes = {
				BuildIndependentTargetsInParallel = 1;
				LastSwiftUpdateCheck = 1540;
				LastUpgradeCheck = 1540;
				TargetAttributes = {
					B33812BA2C899F7300696E61 = {
						CreatedOnToolsVersion = 15.4;
					};
				};
			};
			buildConfigurationList = B33812B62C899F7300696E61 /* Build configuration list for PBXProject "TermProject" */;
			compatibilityVersion = "Xcode 14.0";
			developmentRegion = en;
			hasScannedForEncodings = 0;
			knownRegions = (
				en,
				Base,
			);
			mainGroup = B33812B22C899F7300696E61;
			packageReferences = (
				FA946E5D2C8B39A2004A29C9 /* XCRemoteSwiftPackageReference "firebase-ios-sdk" */,
				FAAB65BE2C9098BC003F7E3B /* XCRemoteSwiftPackageReference "GoogleSignIn-iOS" */,
			);
			productRefGroup = B33812BC2C899F7300696E61 /* Products */;
			projectDirPath = "";
			projectRoot = "";
			targets = (
				B33812BA2C899F7300696E61 /* TermProject */,
			);
		};
/* End PBXProject section */

/* Begin PBXResourcesBuildPhase section */
		B33812B92C899F7300696E61 /* Resources */ = {
			isa = PBXResourcesBuildPhase;
			buildActionMask = 2147483647;
			files = (
				B33812EB2C89D86000696E61 /* CategoryCollectionViewCell.xib in Resources */,
				B33812C82C899F7400696E61 /* Assets.xcassets in Resources */,
				B33812F52C89F55B00696E61 /* MenuCollectionViewCell.xib in Resources */,
				B33812CB2C899F7400696E61 /* Base in Resources */,
				B3679EA82C901019000F9F24 /* CartItemTableViewCell.xib in Resources */,
				B33812C62C899F7300696E61 /* Base in Resources */,
				FAAB65C42C909C46003F7E3B /* GoogleService-Info.plist in Resources */,
			);
			runOnlyForDeploymentPostprocessing = 0;
		};
/* End PBXResourcesBuildPhase section */

/* Begin PBXSourcesBuildPhase section */
		B33812B72C899F7300696E61 /* Sources */ = {
			isa = PBXSourcesBuildPhase;
			buildActionMask = 2147483647;
			files = (
				B33812D62C89A3BB00696E61 /* OnBoardingPageViewController.swift in Sources */,
				FAE8AB0A2C8B2DBA00889425 /* HistoryPageViewController.swift in Sources */,
				B33812BF2C899F7300696E61 /* AppDelegate.swift in Sources */,
				B33813012C8A0E8900696E61 /* MenuPageViewController.swift in Sources */,
				B33812DA2C89A41000696E61 /* UIView+Extension.swift in Sources */,
				FA946E5C2C8B381D004A29C9 /* SignUpViewController.swift in Sources */,
				B33812DC2C89A63900696E61 /* OnBoardingCollectionViewCell.swift in Sources */,
				B35194602C8EDC5F003B113F /* NonDrinkMenuDetailViewController.swift in Sources */,
				B35194622C8EDFCF003B113F /* CakeMenuDetailViewController.swift in Sources */,
				B33812EE2C89D9EC00696E61 /* MenuCategory.swift in Sources */,
				B34017CB2C8ACEFB0064E856 /* MenuDetailViewController.swift in Sources */,
				B33812EC2C89D86000696E61 /* CategoryCollectionViewCell.swift in Sources */,
				B3679EA92C901019000F9F24 /* CartItemTableViewCell.swift in Sources */,
				B33812E62C89D15C00696E61 /* HomePageViewController.swift in Sources */,
				B33812DE2C89A80600696E61 /* OnBoardingSlide.swift in Sources */,
				B3B5803C2C8C931900CDB83F /* Order.swift in Sources */,
				B33812E32C89C2C900696E61 /* LoginPageViewController.swift in Sources */,
				B3679EA32C900F1A000F9F24 /* CartPageViewController.swift in Sources */,
				B33812F82C89F91300696E61 /* Menu.swift in Sources */,
				B33812F12C89DECE00696E61 /* CardView.swift in Sources */,
				B33812C12C899F7300696E61 /* SceneDelegate.swift in Sources */,
				B33812F62C89F55B00696E61 /* MenuCollectionViewCell.swift in Sources */,
			);
			runOnlyForDeploymentPostprocessing = 0;
		};
/* End PBXSourcesBuildPhase section */

/* Begin PBXVariantGroup section */
		B33812C42C899F7300696E61 /* Main.storyboard */ = {
			isa = PBXVariantGroup;
			children = (
				B33812C52C899F7300696E61 /* Base */,
			);
			name = Main.storyboard;
			sourceTree = "<group>";
		};
		B33812C92C899F7400696E61 /* LaunchScreen.storyboard */ = {
			isa = PBXVariantGroup;
			children = (
				B33812CA2C899F7400696E61 /* Base */,
			);
			name = LaunchScreen.storyboard;
			sourceTree = "<group>";
		};
/* End PBXVariantGroup section */

/* Begin XCBuildConfiguration section */
		B33812CD2C899F7400696E61 /* Debug */ = {
			isa = XCBuildConfiguration;
			buildSettings = {
				ALWAYS_SEARCH_USER_PATHS = NO;
				ASSETCATALOG_COMPILER_GENERATE_SWIFT_ASSET_SYMBOL_EXTENSIONS = YES;
				CLANG_ANALYZER_NONNULL = YES;
				CLANG_ANALYZER_NUMBER_OBJECT_CONVERSION = YES_AGGRESSIVE;
				CLANG_CXX_LANGUAGE_STANDARD = "gnu++20";
				CLANG_ENABLE_MODULES = YES;
				CLANG_ENABLE_OBJC_ARC = YES;
				CLANG_ENABLE_OBJC_WEAK = YES;
				CLANG_WARN_BLOCK_CAPTURE_AUTORELEASING = YES;
				CLANG_WARN_BOOL_CONVERSION = YES;
				CLANG_WARN_COMMA = YES;
				CLANG_WARN_CONSTANT_CONVERSION = YES;
				CLANG_WARN_DEPRECATED_OBJC_IMPLEMENTATIONS = YES;
				CLANG_WARN_DIRECT_OBJC_ISA_USAGE = YES_ERROR;
				CLANG_WARN_DOCUMENTATION_COMMENTS = YES;
				CLANG_WARN_EMPTY_BODY = YES;
				CLANG_WARN_ENUM_CONVERSION = YES;
				CLANG_WARN_INFINITE_RECURSION = YES;
				CLANG_WARN_INT_CONVERSION = YES;
				CLANG_WARN_NON_LITERAL_NULL_CONVERSION = YES;
				CLANG_WARN_OBJC_IMPLICIT_RETAIN_SELF = YES;
				CLANG_WARN_OBJC_LITERAL_CONVERSION = YES;
				CLANG_WARN_OBJC_ROOT_CLASS = YES_ERROR;
				CLANG_WARN_QUOTED_INCLUDE_IN_FRAMEWORK_HEADER = YES;
				CLANG_WARN_RANGE_LOOP_ANALYSIS = YES;
				CLANG_WARN_STRICT_PROTOTYPES = YES;
				CLANG_WARN_SUSPICIOUS_MOVE = YES;
				CLANG_WARN_UNGUARDED_AVAILABILITY = YES_AGGRESSIVE;
				CLANG_WARN_UNREACHABLE_CODE = YES;
				CLANG_WARN__DUPLICATE_METHOD_MATCH = YES;
				COPY_PHASE_STRIP = NO;
				DEBUG_INFORMATION_FORMAT = dwarf;
				ENABLE_STRICT_OBJC_MSGSEND = YES;
				ENABLE_TESTABILITY = YES;
				ENABLE_USER_SCRIPT_SANDBOXING = YES;
				GCC_C_LANGUAGE_STANDARD = gnu17;
				GCC_DYNAMIC_NO_PIC = NO;
				GCC_NO_COMMON_BLOCKS = YES;
				GCC_OPTIMIZATION_LEVEL = 0;
				GCC_PREPROCESSOR_DEFINITIONS = (
					"DEBUG=1",
					"$(inherited)",
				);
				GCC_WARN_64_TO_32_BIT_CONVERSION = YES;
				GCC_WARN_ABOUT_RETURN_TYPE = YES_ERROR;
				GCC_WARN_UNDECLARED_SELECTOR = YES;
				GCC_WARN_UNINITIALIZED_AUTOS = YES_AGGRESSIVE;
				GCC_WARN_UNUSED_FUNCTION = YES;
				GCC_WARN_UNUSED_VARIABLE = YES;
				IPHONEOS_DEPLOYMENT_TARGET = 17.5;
				LOCALIZATION_PREFERS_STRING_CATALOGS = YES;
				MTL_ENABLE_DEBUG_INFO = INCLUDE_SOURCE;
				MTL_FAST_MATH = YES;
				ONLY_ACTIVE_ARCH = YES;
				SDKROOT = iphoneos;
				SWIFT_ACTIVE_COMPILATION_CONDITIONS = "DEBUG $(inherited)";
				SWIFT_OPTIMIZATION_LEVEL = "-Onone";
			};
			name = Debug;
		};
		B33812CE2C899F7400696E61 /* Release */ = {
			isa = XCBuildConfiguration;
			buildSettings = {
				ALWAYS_SEARCH_USER_PATHS = NO;
				ASSETCATALOG_COMPILER_GENERATE_SWIFT_ASSET_SYMBOL_EXTENSIONS = YES;
				CLANG_ANALYZER_NONNULL = YES;
				CLANG_ANALYZER_NUMBER_OBJECT_CONVERSION = YES_AGGRESSIVE;
				CLANG_CXX_LANGUAGE_STANDARD = "gnu++20";
				CLANG_ENABLE_MODULES = YES;
				CLANG_ENABLE_OBJC_ARC = YES;
				CLANG_ENABLE_OBJC_WEAK = YES;
				CLANG_WARN_BLOCK_CAPTURE_AUTORELEASING = YES;
				CLANG_WARN_BOOL_CONVERSION = YES;
				CLANG_WARN_COMMA = YES;
				CLANG_WARN_CONSTANT_CONVERSION = YES;
				CLANG_WARN_DEPRECATED_OBJC_IMPLEMENTATIONS = YES;
				CLANG_WARN_DIRECT_OBJC_ISA_USAGE = YES_ERROR;
				CLANG_WARN_DOCUMENTATION_COMMENTS = YES;
				CLANG_WARN_EMPTY_BODY = YES;
				CLANG_WARN_ENUM_CONVERSION = YES;
				CLANG_WARN_INFINITE_RECURSION = YES;
				CLANG_WARN_INT_CONVERSION = YES;
				CLANG_WARN_NON_LITERAL_NULL_CONVERSION = YES;
				CLANG_WARN_OBJC_IMPLICIT_RETAIN_SELF = YES;
				CLANG_WARN_OBJC_LITERAL_CONVERSION = YES;
				CLANG_WARN_OBJC_ROOT_CLASS = YES_ERROR;
				CLANG_WARN_QUOTED_INCLUDE_IN_FRAMEWORK_HEADER = YES;
				CLANG_WARN_RANGE_LOOP_ANALYSIS = YES;
				CLANG_WARN_STRICT_PROTOTYPES = YES;
				CLANG_WARN_SUSPICIOUS_MOVE = YES;
				CLANG_WARN_UNGUARDED_AVAILABILITY = YES_AGGRESSIVE;
				CLANG_WARN_UNREACHABLE_CODE = YES;
				CLANG_WARN__DUPLICATE_METHOD_MATCH = YES;
				COPY_PHASE_STRIP = NO;
				DEBUG_INFORMATION_FORMAT = "dwarf-with-dsym";
				ENABLE_NS_ASSERTIONS = NO;
				ENABLE_STRICT_OBJC_MSGSEND = YES;
				ENABLE_USER_SCRIPT_SANDBOXING = YES;
				GCC_C_LANGUAGE_STANDARD = gnu17;
				GCC_NO_COMMON_BLOCKS = YES;
				GCC_WARN_64_TO_32_BIT_CONVERSION = YES;
				GCC_WARN_ABOUT_RETURN_TYPE = YES_ERROR;
				GCC_WARN_UNDECLARED_SELECTOR = YES;
				GCC_WARN_UNINITIALIZED_AUTOS = YES_AGGRESSIVE;
				GCC_WARN_UNUSED_FUNCTION = YES;
				GCC_WARN_UNUSED_VARIABLE = YES;
				IPHONEOS_DEPLOYMENT_TARGET = 17.5;
				LOCALIZATION_PREFERS_STRING_CATALOGS = YES;
				MTL_ENABLE_DEBUG_INFO = NO;
				MTL_FAST_MATH = YES;
				SDKROOT = iphoneos;
				SWIFT_COMPILATION_MODE = wholemodule;
				VALIDATE_PRODUCT = YES;
			};
			name = Release;
		};
		B33812D02C899F7400696E61 /* Debug */ = {
			isa = XCBuildConfiguration;
			buildSettings = {
				ASSETCATALOG_COMPILER_APPICON_NAME = AppIcon;
				ASSETCATALOG_COMPILER_GLOBAL_ACCENT_COLOR_NAME = AccentColor;
				CODE_SIGN_STYLE = Automatic;
				CURRENT_PROJECT_VERSION = 1;
				GENERATE_INFOPLIST_FILE = YES;
				INFOPLIST_FILE = TermProject/Info.plist;
				INFOPLIST_KEY_UIApplicationSupportsIndirectInputEvents = YES;
				INFOPLIST_KEY_UILaunchStoryboardName = LaunchScreen;
				INFOPLIST_KEY_UIMainStoryboardFile = Main;
				INFOPLIST_KEY_UISupportedInterfaceOrientations_iPad = "UIInterfaceOrientationPortrait UIInterfaceOrientationPortraitUpsideDown UIInterfaceOrientationLandscapeLeft UIInterfaceOrientationLandscapeRight";
				INFOPLIST_KEY_UISupportedInterfaceOrientations_iPhone = "UIInterfaceOrientationPortrait UIInterfaceOrientationLandscapeLeft UIInterfaceOrientationLandscapeRight";
				IPHONEOS_DEPLOYMENT_TARGET = 15.0;
				LD_RUNPATH_SEARCH_PATHS = (
					"$(inherited)",
					"@executable_path/Frameworks",
				);
				MARKETING_VERSION = 1.0;
				PRODUCT_BUNDLE_IDENTIFIER = Leo.TermProject;
				PRODUCT_NAME = "$(TARGET_NAME)";
				SWIFT_EMIT_LOC_STRINGS = YES;
				SWIFT_VERSION = 5.0;
				TARGETED_DEVICE_FAMILY = "1,2";
			};
			name = Debug;
		};
		B33812D12C899F7400696E61 /* Release */ = {
			isa = XCBuildConfiguration;
			buildSettings = {
				ASSETCATALOG_COMPILER_APPICON_NAME = AppIcon;
				ASSETCATALOG_COMPILER_GLOBAL_ACCENT_COLOR_NAME = AccentColor;
				CODE_SIGN_STYLE = Automatic;
				CURRENT_PROJECT_VERSION = 1;
				GENERATE_INFOPLIST_FILE = YES;
				INFOPLIST_FILE = TermProject/Info.plist;
				INFOPLIST_KEY_UIApplicationSupportsIndirectInputEvents = YES;
				INFOPLIST_KEY_UILaunchStoryboardName = LaunchScreen;
				INFOPLIST_KEY_UIMainStoryboardFile = Main;
				INFOPLIST_KEY_UISupportedInterfaceOrientations_iPad = "UIInterfaceOrientationPortrait UIInterfaceOrientationPortraitUpsideDown UIInterfaceOrientationLandscapeLeft UIInterfaceOrientationLandscapeRight";
				INFOPLIST_KEY_UISupportedInterfaceOrientations_iPhone = "UIInterfaceOrientationPortrait UIInterfaceOrientationLandscapeLeft UIInterfaceOrientationLandscapeRight";
				IPHONEOS_DEPLOYMENT_TARGET = 15.0;
				LD_RUNPATH_SEARCH_PATHS = (
					"$(inherited)",
					"@executable_path/Frameworks",
				);
				MARKETING_VERSION = 1.0;
				PRODUCT_BUNDLE_IDENTIFIER = Leo.TermProject;
				PRODUCT_NAME = "$(TARGET_NAME)";
				SWIFT_EMIT_LOC_STRINGS = YES;
				SWIFT_VERSION = 5.0;
				TARGETED_DEVICE_FAMILY = "1,2";
			};
			name = Release;
		};
/* End XCBuildConfiguration section */

/* Begin XCConfigurationList section */
		B33812B62C899F7300696E61 /* Build configuration list for PBXProject "TermProject" */ = {
			isa = XCConfigurationList;
			buildConfigurations = (
				B33812CD2C899F7400696E61 /* Debug */,
				B33812CE2C899F7400696E61 /* Release */,
			);
			defaultConfigurationIsVisible = 0;
			defaultConfigurationName = Release;
		};
		B33812CF2C899F7400696E61 /* Build configuration list for PBXNativeTarget "TermProject" */ = {
			isa = XCConfigurationList;
			buildConfigurations = (
				B33812D02C899F7400696E61 /* Debug */,
				B33812D12C899F7400696E61 /* Release */,
			);
			defaultConfigurationIsVisible = 0;
			defaultConfigurationName = Release;
		};
/* End XCConfigurationList section */

/* Begin XCRemoteSwiftPackageReference section */
		FA946E5D2C8B39A2004A29C9 /* XCRemoteSwiftPackageReference "firebase-ios-sdk" */ = {
			isa = XCRemoteSwiftPackageReference;
			repositoryURL = "https://github.com/firebase/firebase-ios-sdk";
			requirement = {
				kind = upToNextMajorVersion;
				minimumVersion = 11.1.0;
			};
		};
		FAAB65BE2C9098BC003F7E3B /* XCRemoteSwiftPackageReference "GoogleSignIn-iOS" */ = {
			isa = XCRemoteSwiftPackageReference;
			repositoryURL = "https://github.com/google/GoogleSignIn-iOS";
			requirement = {
				kind = upToNextMajorVersion;
				minimumVersion = 8.0.0;
			};
		};
/* End XCRemoteSwiftPackageReference section */

/* Begin XCSwiftPackageProductDependency section */
		FA946E5E2C8B39A2004A29C9 /* FirebaseAuth */ = {
			isa = XCSwiftPackageProductDependency;
			package = FA946E5D2C8B39A2004A29C9 /* XCRemoteSwiftPackageReference "firebase-ios-sdk" */;
			productName = FirebaseAuth;
		};
		FA946E602C8B39A2004A29C9 /* FirebaseDatabase */ = {
			isa = XCSwiftPackageProductDependency;
			package = FA946E5D2C8B39A2004A29C9 /* XCRemoteSwiftPackageReference "firebase-ios-sdk" */;
			productName = FirebaseDatabase;
		};
		FA946E622C8B39A2004A29C9 /* FirebaseFirestore */ = {
			isa = XCSwiftPackageProductDependency;
			package = FA946E5D2C8B39A2004A29C9 /* XCRemoteSwiftPackageReference "firebase-ios-sdk" */;
			productName = FirebaseFirestore;
		};
		FA946E642C8B39A2004A29C9 /* FirebaseStorage */ = {
			isa = XCSwiftPackageProductDependency;
			package = FA946E5D2C8B39A2004A29C9 /* XCRemoteSwiftPackageReference "firebase-ios-sdk" */;
			productName = FirebaseStorage;
		};
		FAAB65BF2C9098BC003F7E3B /* GoogleSignIn */ = {
			isa = XCSwiftPackageProductDependency;
			package = FAAB65BE2C9098BC003F7E3B /* XCRemoteSwiftPackageReference "GoogleSignIn-iOS" */;
			productName = GoogleSignIn;
		};
		FAAB65C12C9098BC003F7E3B /* GoogleSignInSwift */ = {
			isa = XCSwiftPackageProductDependency;
			package = FAAB65BE2C9098BC003F7E3B /* XCRemoteSwiftPackageReference "GoogleSignIn-iOS" */;
			productName = GoogleSignInSwift;
		};
/* End XCSwiftPackageProductDependency section */
	};
	rootObject = B33812B32C899F7300696E61 /* Project object */;
}
